
Microsoft Visual Studio Solution File, Format Version 12.00
# Visual Studio 15
VisualStudioVersion = 15.0.27130.2027
MinimumVisualStudioVersion = 10.0.40219.1
Project("{FAE04EC0-301F-11D3-BF4B-00C04F79EFBC}") = "HW2", "ConsoleApp2\HW2.csproj", "{2B5AEDD3-0B57-4F69-9139-BC5E8DD20F94}"
EndProject
Project("{FAE04EC0-301F-11D3-BF4B-00C04F79EFBC}") = "ConsoleApp1", "ConsoleApp1\ConsoleApp1.csproj", "{1B808961-85A2-42E3-8EE7-FAB2242FA07B}"
EndProject
Project("{FAE04EC0-301F-11D3-BF4B-00C04F79EFBC}") = "14.02.18", "14.02.18\14.02.18.csproj", "{1757E76C-7D05-4A3C-B108-FEEA3CCC7047}"
EndProject
Project("{FAE04EC0-301F-11D3-BF4B-00C04F79EFBC}") = "19.02.18String", "19.02.18String\19.02.18String.csproj", "{419A57C4-0B4B-455B-9288-BB39A0F1C421}"
EndProject
Global
	GlobalSection(SolutionConfigurationPlatforms) = preSolution
		Debug|Any CPU = Debug|Any CPU
		Release|Any CPU = Release|Any CPU
	EndGlobalSection
	GlobalSection(ProjectConfigurationPlatforms) = postSolution
		{2B5AEDD3-0B57-4F69-9139-BC5E8DD20F94}.Debug|Any CPU.ActiveCfg = Debug|Any CPU
		{2B5AEDD3-0B57-4F69-9139-BC5E8DD20F94}.Debug|Any CPU.Build.0 = Debug|Any CPU
		{2B5AEDD3-0B57-4F69-9139-BC5E8DD20F94}.Release|Any CPU.ActiveCfg = Release|Any CPU
		{2B5AEDD3-0B57-4F69-9139-BC5E8DD20F94}.Release|Any CPU.Build.0 = Release|Any CPU
		{1B808961-85A2-42E3-8EE7-FAB2242FA07B}.Debug|Any CPU.ActiveCfg = Debug|Any CPU
		{1B808961-85A2-42E3-8EE7-FAB2242FA07B}.Debug|Any CPU.Build.0 = Debug|Any CPU
		{1B808961-85A2-42E3-8EE7-FAB2242FA07B}.Release|Any CPU.ActiveCfg = Release|Any CPU
		{1B808961-85A2-42E3-8EE7-FAB2242FA07B}.Release|Any CPU.Build.0 = Release|Any CPU
		{1757E76C-7D05-4A3C-B108-FEEA3CCC7047}.Debug|Any CPU.ActiveCfg = Debug|Any CPU
		{1757E76C-7D05-4A3C-B108-FEEA3CCC7047}.Debug|Any CPU.Build.0 = Debug|Any CPU
		{1757E76C-7D05-4A3C-B108-FEEA3CCC7047}.Release|Any CPU.ActiveCfg = Release|Any CPU
		{1757E76C-7D05-4A3C-B108-FEEA3CCC7047}.Release|Any CPU.Build.0 = Release|Any CPU
		{419A57C4-0B4B-455B-9288-BB39A0F1C421}.Debug|Any CPU.ActiveCfg = Debug|Any CPU
		{419A57C4-0B4B-455B-9288-BB39A0F1C421}.Debug|Any CPU.Build.0 = Debug|Any CPU
		{419A57C4-0B4B-455B-9288-BB39A0F1C421}.Release|Any CPU.ActiveCfg = Release|Any CPU
		{419A57C4-0B4B-455B-9288-BB39A0F1C421}.Release|Any CPU.Build.0 = Release|Any CPU
	EndGlobalSection
	GlobalSection(SolutionProperties) = preSolution
		HideSolutionNode = FALSE
	EndGlobalSection
	GlobalSection(ExtensibilityGlobals) = postSolution
		SolutionGuid = {F9ED976E-FA69-4534-9218-95B32ADFA630}
	EndGlobalSection
EndGlobal
