
Microsoft Visual Studio Solution File, Format Version 12.00
# Visual Studio 15
VisualStudioVersion = 15.0.27130.2027
MinimumVisualStudioVersion = 10.0.40219.1
Project("{FAE04EC0-301F-11D3-BF4B-00C04F79EFBC}") = "HW2", "ConsoleApp2\HW2.csproj", "{2B5AEDD3-0B57-4F69-9139-BC5E8DD20F94}"
EndProject
Project("{FAE04EC0-301F-11D3-BF4B-00C04F79EFBC}") = "ConsoleApp1", "ConsoleApp1\ConsoleApp1.csproj", "{1B808961-85A2-42E3-8EE7-FAB2242FA07B}"
EndProject
Project("{FAE04EC0-301F-11D3-BF4B-00C04F79EFBC}") = "14.02.18", "14.02.18\14.02.18.csproj", "{1757E76C-7D05-4A3C-B108-FEEA3CCC7047}"
EndProject
Project("{FAE04EC0-301F-11D3-BF4B-00C04F79EFBC}") = "Хемминг", "Хемминг\Хемминг.csproj", "{7F3580B9-176D-439D-A17D-F542A89B37A3}"
EndProject
Project("{FAE04EC0-301F-11D3-BF4B-00C04F79EFBC}") = "OOP_21.02.18", "OOP_21.02.18\OOP_21.02.18.csproj", "{D303EC97-F995-418A-88FD-C498BE492A47}"
EndProject
Project("{FAE04EC0-301F-11D3-BF4B-00C04F79EFBC}") = "Classes26.02.18", "Classes\Classes26.02.18.csproj", "{A750843F-9AE7-4EE5-A86F-8F0C3478F73A}"
EndProject
Global
	GlobalSection(SolutionConfigurationPlatforms) = preSolution
		Debug|Any CPU = Debug|Any CPU
		Debug|x64 = Debug|x64
		Debug|x86 = Debug|x86
		Release|Any CPU = Release|Any CPU
		Release|x64 = Release|x64
		Release|x86 = Release|x86
	EndGlobalSection
	GlobalSection(ProjectConfigurationPlatforms) = postSolution
		{2B5AEDD3-0B57-4F69-9139-BC5E8DD20F94}.Debug|Any CPU.ActiveCfg = Debug|Any CPU
		{2B5AEDD3-0B57-4F69-9139-BC5E8DD20F94}.Debug|Any CPU.Build.0 = Debug|Any CPU
		{2B5AEDD3-0B57-4F69-9139-BC5E8DD20F94}.Debug|x64.ActiveCfg = Debug|Any CPU
		{2B5AEDD3-0B57-4F69-9139-BC5E8DD20F94}.Debug|x64.Build.0 = Debug|Any CPU
		{2B5AEDD3-0B57-4F69-9139-BC5E8DD20F94}.Debug|x86.ActiveCfg = Debug|Any CPU
		{2B5AEDD3-0B57-4F69-9139-BC5E8DD20F94}.Debug|x86.Build.0 = Debug|Any CPU
		{2B5AEDD3-0B57-4F69-9139-BC5E8DD20F94}.Release|Any CPU.ActiveCfg = Release|Any CPU
		{2B5AEDD3-0B57-4F69-9139-BC5E8DD20F94}.Release|Any CPU.Build.0 = Release|Any CPU
		{2B5AEDD3-0B57-4F69-9139-BC5E8DD20F94}.Release|x64.ActiveCfg = Release|Any CPU
		{2B5AEDD3-0B57-4F69-9139-BC5E8DD20F94}.Release|x64.Build.0 = Release|Any CPU
		{2B5AEDD3-0B57-4F69-9139-BC5E8DD20F94}.Release|x86.ActiveCfg = Release|Any CPU
		{2B5AEDD3-0B57-4F69-9139-BC5E8DD20F94}.Release|x86.Build.0 = Release|Any CPU
		{1B808961-85A2-42E3-8EE7-FAB2242FA07B}.Debug|Any CPU.ActiveCfg = Debug|Any CPU
		{1B808961-85A2-42E3-8EE7-FAB2242FA07B}.Debug|Any CPU.Build.0 = Debug|Any CPU
		{1B808961-85A2-42E3-8EE7-FAB2242FA07B}.Debug|x64.ActiveCfg = Debug|Any CPU
		{1B808961-85A2-42E3-8EE7-FAB2242FA07B}.Debug|x64.Build.0 = Debug|Any CPU
		{1B808961-85A2-42E3-8EE7-FAB2242FA07B}.Debug|x86.ActiveCfg = Debug|Any CPU
		{1B808961-85A2-42E3-8EE7-FAB2242FA07B}.Debug|x86.Build.0 = Debug|Any CPU
		{1B808961-85A2-42E3-8EE7-FAB2242FA07B}.Release|Any CPU.ActiveCfg = Release|Any CPU
		{1B808961-85A2-42E3-8EE7-FAB2242FA07B}.Release|Any CPU.Build.0 = Release|Any CPU
		{1B808961-85A2-42E3-8EE7-FAB2242FA07B}.Release|x64.ActiveCfg = Release|Any CPU
		{1B808961-85A2-42E3-8EE7-FAB2242FA07B}.Release|x64.Build.0 = Release|Any CPU
		{1B808961-85A2-42E3-8EE7-FAB2242FA07B}.Release|x86.ActiveCfg = Release|Any CPU
		{1B808961-85A2-42E3-8EE7-FAB2242FA07B}.Release|x86.Build.0 = Release|Any CPU
		{1757E76C-7D05-4A3C-B108-FEEA3CCC7047}.Debug|Any CPU.ActiveCfg = Debug|Any CPU
		{1757E76C-7D05-4A3C-B108-FEEA3CCC7047}.Debug|Any CPU.Build.0 = Debug|Any CPU
		{1757E76C-7D05-4A3C-B108-FEEA3CCC7047}.Debug|x64.ActiveCfg = Debug|Any CPU
		{1757E76C-7D05-4A3C-B108-FEEA3CCC7047}.Debug|x64.Build.0 = Debug|Any CPU
		{1757E76C-7D05-4A3C-B108-FEEA3CCC7047}.Debug|x86.ActiveCfg = Debug|Any CPU
		{1757E76C-7D05-4A3C-B108-FEEA3CCC7047}.Debug|x86.Build.0 = Debug|Any CPU
		{1757E76C-7D05-4A3C-B108-FEEA3CCC7047}.Release|Any CPU.ActiveCfg = Release|Any CPU
		{1757E76C-7D05-4A3C-B108-FEEA3CCC7047}.Release|Any CPU.Build.0 = Release|Any CPU
		{1757E76C-7D05-4A3C-B108-FEEA3CCC7047}.Release|x64.ActiveCfg = Release|Any CPU
		{1757E76C-7D05-4A3C-B108-FEEA3CCC7047}.Release|x64.Build.0 = Release|Any CPU
		{1757E76C-7D05-4A3C-B108-FEEA3CCC7047}.Release|x86.ActiveCfg = Release|Any CPU
		{1757E76C-7D05-4A3C-B108-FEEA3CCC7047}.Release|x86.Build.0 = Release|Any CPU
		{7F3580B9-176D-439D-A17D-F542A89B37A3}.Debug|Any CPU.ActiveCfg = Debug|Any CPU
		{7F3580B9-176D-439D-A17D-F542A89B37A3}.Debug|Any CPU.Build.0 = Debug|Any CPU
		{7F3580B9-176D-439D-A17D-F542A89B37A3}.Debug|x64.ActiveCfg = Debug|Any CPU
		{7F3580B9-176D-439D-A17D-F542A89B37A3}.Debug|x64.Build.0 = Debug|Any CPU
		{7F3580B9-176D-439D-A17D-F542A89B37A3}.Debug|x86.ActiveCfg = Debug|Any CPU
		{7F3580B9-176D-439D-A17D-F542A89B37A3}.Debug|x86.Build.0 = Debug|Any CPU
		{7F3580B9-176D-439D-A17D-F542A89B37A3}.Release|Any CPU.ActiveCfg = Release|Any CPU
		{7F3580B9-176D-439D-A17D-F542A89B37A3}.Release|Any CPU.Build.0 = Release|Any CPU
		{7F3580B9-176D-439D-A17D-F542A89B37A3}.Release|x64.ActiveCfg = Release|Any CPU
		{7F3580B9-176D-439D-A17D-F542A89B37A3}.Release|x64.Build.0 = Release|Any CPU
		{7F3580B9-176D-439D-A17D-F542A89B37A3}.Release|x86.ActiveCfg = Release|Any CPU
		{7F3580B9-176D-439D-A17D-F542A89B37A3}.Release|x86.Build.0 = Release|Any CPU
		{D303EC97-F995-418A-88FD-C498BE492A47}.Debug|Any CPU.ActiveCfg = Debug|Any CPU
		{D303EC97-F995-418A-88FD-C498BE492A47}.Debug|Any CPU.Build.0 = Debug|Any CPU
		{D303EC97-F995-418A-88FD-C498BE492A47}.Debug|x64.ActiveCfg = Debug|Any CPU
		{D303EC97-F995-418A-88FD-C498BE492A47}.Debug|x64.Build.0 = Debug|Any CPU
		{D303EC97-F995-418A-88FD-C498BE492A47}.Debug|x86.ActiveCfg = Debug|Any CPU
		{D303EC97-F995-418A-88FD-C498BE492A47}.Debug|x86.Build.0 = Debug|Any CPU
		{D303EC97-F995-418A-88FD-C498BE492A47}.Release|Any CPU.ActiveCfg = Release|Any CPU
		{D303EC97-F995-418A-88FD-C498BE492A47}.Release|Any CPU.Build.0 = Release|Any CPU
		{D303EC97-F995-418A-88FD-C498BE492A47}.Release|x64.ActiveCfg = Release|Any CPU
		{D303EC97-F995-418A-88FD-C498BE492A47}.Release|x64.Build.0 = Release|Any CPU
		{D303EC97-F995-418A-88FD-C498BE492A47}.Release|x86.ActiveCfg = Release|Any CPU
		{D303EC97-F995-418A-88FD-C498BE492A47}.Release|x86.Build.0 = Release|Any CPU
		{A750843F-9AE7-4EE5-A86F-8F0C3478F73A}.Debug|Any CPU.ActiveCfg = Debug|Any CPU
		{A750843F-9AE7-4EE5-A86F-8F0C3478F73A}.Debug|Any CPU.Build.0 = Debug|Any CPU
		{A750843F-9AE7-4EE5-A86F-8F0C3478F73A}.Debug|x64.ActiveCfg = Debug|Any CPU
		{A750843F-9AE7-4EE5-A86F-8F0C3478F73A}.Debug|x64.Build.0 = Debug|Any CPU
		{A750843F-9AE7-4EE5-A86F-8F0C3478F73A}.Debug|x86.ActiveCfg = Debug|Any CPU
		{A750843F-9AE7-4EE5-A86F-8F0C3478F73A}.Debug|x86.Build.0 = Debug|Any CPU
		{A750843F-9AE7-4EE5-A86F-8F0C3478F73A}.Release|Any CPU.ActiveCfg = Release|Any CPU
		{A750843F-9AE7-4EE5-A86F-8F0C3478F73A}.Release|Any CPU.Build.0 = Release|Any CPU
		{A750843F-9AE7-4EE5-A86F-8F0C3478F73A}.Release|x64.ActiveCfg = Release|Any CPU
		{A750843F-9AE7-4EE5-A86F-8F0C3478F73A}.Release|x64.Build.0 = Release|Any CPU
		{A750843F-9AE7-4EE5-A86F-8F0C3478F73A}.Release|x86.ActiveCfg = Release|Any CPU
		{A750843F-9AE7-4EE5-A86F-8F0C3478F73A}.Release|x86.Build.0 = Release|Any CPU
	EndGlobalSection
	GlobalSection(SolutionProperties) = preSolution
		HideSolutionNode = FALSE
	EndGlobalSection
	GlobalSection(ExtensibilityGlobals) = postSolution
		SolutionGuid = {F9ED976E-FA69-4534-9218-95B32ADFA630}
	EndGlobalSection
EndGlobal
